# This file was autogenerated by Stack.
# You should not edit this file by hand.
# For more information, please see the documentation at:
#   https://docs.haskellstack.org/en/stable/lock_files

packages:
- completed:
    hackage: bitwise-1.0.0.1@sha256:b5c988b1ceba6c8a7b1fa4b2aa8c69d8fbdc96145b8f22ad8e2c529d5688a66b,3110
    pantry-tree:
      size: 760
      sha256: eb8c35faaab3ea0205e89b5714c65b5bbe82bbf0f0c45ea859a8ea2fe457b04d
  original:
    hackage: bitwise-1.0.0.1
snapshots:
- completed:
    size: 533252
    url: https://raw.githubusercontent.com/commercialhaskell/stackage-snapshots/master/lts/16/26.yaml
    sha256: cdbc5db9c1afe80a5998247939027a0c7db92fa0f20b5cd01596ec3da628b622
  original: lts-16.26
